
Microsoft Visual Studio Solution File, Format Version 12.00
# Visual Studio Version 16
VisualStudioVersion = 16.0.30804.86
MinimumVisualStudioVersion = 10.0.40219.1
Project("{FAE04EC0-301F-11D3-BF4B-00C04F79EFBC}") = "WwwPractice01", "WwwPractice01\WwwPractice01.csproj", "{687D9E14-8641-48AE-8C3C-B6CBE8BED613}"
EndProject
Project("{FAE04EC0-301F-11D3-BF4B-00C04F79EFBC}") = "WwwPracticeDb", "WwwPracticeDb\WwwPracticeDb.csproj", "{BB86E359-EE05-4F3B-B9DC-6A1356450F02}"
EndProject
Global
	GlobalSection(SolutionConfigurationPlatforms) = preSolution
		Debug|Any CPU = Debug|Any CPU
		Release|Any CPU = Release|Any CPU
	EndGlobalSection
	GlobalSection(ProjectConfigurationPlatforms) = postSolution
		{687D9E14-8641-48AE-8C3C-B6CBE8BED613}.Debug|Any CPU.ActiveCfg = Debug|Any CPU
		{687D9E14-8641-48AE-8C3C-B6CBE8BED613}.Debug|Any CPU.Build.0 = Debug|Any CPU
		{687D9E14-8641-48AE-8C3C-B6CBE8BED613}.Release|Any CPU.ActiveCfg = Release|Any CPU
		{687D9E14-8641-48AE-8C3C-B6CBE8BED613}.Release|Any CPU.Build.0 = Release|Any CPU
		{BB86E359-EE05-4F3B-B9DC-6A1356450F02}.Debug|Any CPU.ActiveCfg = Debug|Any CPU
		{BB86E359-EE05-4F3B-B9DC-6A1356450F02}.Debug|Any CPU.Build.0 = Debug|Any CPU
		{BB86E359-EE05-4F3B-B9DC-6A1356450F02}.Release|Any CPU.ActiveCfg = Release|Any CPU
		{BB86E359-EE05-4F3B-B9DC-6A1356450F02}.Release|Any CPU.Build.0 = Release|Any CPU
	EndGlobalSection
	GlobalSection(SolutionProperties) = preSolution
		HideSolutionNode = FALSE
	EndGlobalSection
	GlobalSection(ExtensibilityGlobals) = postSolution
		SolutionGuid = {FEC73EE3-2377-48AA-8464-3D5359AD0ABC}
	EndGlobalSection
EndGlobal
